<?xml version="1.0" encoding="utf-8"?>
<Project ToolsVersion="4.0" xmlns="http://schemas.microsoft.com/developer/msbuild/2003">
  <ItemGroup>
    <ClCompile Include="..\..\..\src\raylib_game.cpp" />
    <ClCompile Include="..\..\..\src\VVADExtras.cpp" />
    <ClCompile Include="..\..\..\src\Particles\Particle.cpp">
      <Filter>Particles</Filter>
    </ClCompile>
    <ClCompile Include="..\..\..\src\PlayerFP.cpp">
      <Filter>Player</Filter>
    </ClCompile>
    <ClCompile Include="..\..\..\src\Lights\LightManager.cpp">
      <Filter>Lights</Filter>
    </ClCompile>
    <ClCompile Include="..\..\..\src\Collision\CollisionManager.cpp">
      <Filter>Collision</Filter>
    </ClCompile>
    <ClCompile Include="..\..\..\src\SimpleDoor.cpp">
      <Filter>SimpleDoor</Filter>
    </ClCompile>
    <ClCompile Include="..\..\..\src\Object.cpp" />
    <ClCompile Include="..\..\..\src\ObjectManager.cpp" />
    <ClCompile Include="..\..\..\src\Sound\MultiInstrument.cpp">
      <Filter>Sound</Filter>
    </ClCompile>
    <ClCompile Include="..\..\..\src\Sound\Sound3d.cpp">
      <Filter>Sound</Filter>
    </ClCompile>
    <ClCompile Include="..\..\..\src\Sound\SoundEffects.cpp">
      <Filter>Sound</Filter>
    </ClCompile>
    <ClCompile Include="..\..\..\src\MapGenerator\MapGenerator.cpp">
      <Filter>MapGenerator</Filter>
    </ClCompile>
    <ClCompile Include="..\..\..\src\InteractiveObject.cpp" />
    <ClCompile Include="..\..\..\src\PickableObject.cpp" />
    <ClCompile Include="..\..\..\src\Enemies\EnemyTV.cpp" />
    <ClCompile Include="..\..\..\src\Obtacles\Laser.cpp" />
    <ClCompile Include="..\..\..\src\Obtacles\Mine.cpp" />
  </ItemGroup>
  <ItemGroup>
    <ClInclude Include="..\..\..\src\VVADExtras.h" />
    <ClInclude Include="..\..\..\src\Particles\Particle.h">
      <Filter>Particles</Filter>
    </ClInclude>
    <ClInclude Include="..\..\..\src\Particles\Emitter.h">
      <Filter>Particles</Filter>
    </ClInclude>
    <ClInclude Include="..\..\..\src\PlayerFP.h">
      <Filter>Player</Filter>
    </ClInclude>
    <ClInclude Include="..\..\..\src\Lights\LightManager.h">
      <Filter>Lights</Filter>
    </ClInclude>
    <ClInclude Include="..\..\..\src\Lights\rlights.h">
      <Filter>Lights</Filter>
    </ClInclude>
    <ClInclude Include="..\..\..\src\Collision\CollisionManager.h">
      <Filter>Collision</Filter>
    </ClInclude>
    <ClInclude Include="..\..\..\src\SimpleDoor.h">
      <Filter>SimpleDoor</Filter>
    </ClInclude>
    <ClInclude Include="..\..\..\src\Object.h" />
    <ClInclude Include="..\..\..\src\ObjectManager.h" />
    <ClInclude Include="..\..\..\src\Sound\MultiInstrument.h">
      <Filter>Sound</Filter>
    </ClInclude>
    <ClInclude Include="..\..\..\src\Sound\Sound3d.h">
      <Filter>Sound</Filter>
    </ClInclude>
    <ClInclude Include="..\..\..\src\Sound\SoundEffects.h">
      <Filter>Sound</Filter>
    </ClInclude>
    <ClInclude Include="..\..\..\src\MapGenerator\MapGenerator.h">
      <Filter>MapGenerator</Filter>
    </ClInclude>
    <ClInclude Include="..\..\..\src\InteractiveObject.h" />
    <ClInclude Include="..\..\..\src\PickableObject.h" />
    <ClInclude Include="..\..\..\src\Enemies\EnemyTV.h" />
    <ClInclude Include="..\..\..\src\Obtacles\Laser.h" />
    <ClInclude Include="..\..\..\src\Obtacles\Mine.h" />
  </ItemGroup>
  <ItemGroup>
    <ResourceCompile Include="..\..\..\src\raylib_game.rc" />
  </ItemGroup>
  <ItemGroup>
    <Filter Include="Particles">
      <UniqueIdentifier>{788530e2-ef0f-42f9-ba50-0ee47ee2137f}</UniqueIdentifier>
    </Filter>
    <Filter Include="Lights">
      <UniqueIdentifier>{7a8d9759-6a3f-40ae-9430-e363de7f3b69}</UniqueIdentifier>
    </Filter>
    <Filter Include="Player">
      <UniqueIdentifier>{0ee0e30b-b52b-4092-a9ce-c49c850305da}</UniqueIdentifier>
    </Filter>
    <Filter Include="Collision">
      <UniqueIdentifier>{1e915e43-2cb3-4dab-9776-2ae4f526279a}</UniqueIdentifier>
    </Filter>
    <Filter Include="SimpleDoor">
      <UniqueIdentifier>{b595922a-3b6b-4624-bf63-ac4465d4b665}</UniqueIdentifier>
    </Filter>
    <Filter Include="Sound">
      <UniqueIdentifier>{f8c46894-befb-4d6d-a516-f9ac9f2330d3}</UniqueIdentifier>
    </Filter>
    <Filter Include="MapGenerator">
      <UniqueIdentifier>{2b87f347-366b-4075-a3e9-d9e5f5740cb6}</UniqueIdentifier>
    </Filter>
  </ItemGroup>
</Project>