<?xml version="1.0" encoding="utf-8"?>
<Project ToolsVersion="4.0" xmlns="http://schemas.microsoft.com/developer/msbuild/2003">
  <ItemGroup>
    <ClCompile Include="$(ProjectDir)..\..\..\..\raylib\src\raudio.c" />
    <ClCompile Include="$(ProjectDir)..\..\..\..\raylib\src\rcore.c" />
    <ClCompile Include="$(ProjectDir)..\..\..\..\raylib\src\rmodels.c" />
    <ClCompile Include="$(ProjectDir)..\..\..\..\raylib\src\rglfw.c" />
    <ClCompile Include="$(ProjectDir)..\..\..\..\raylib\src\rshapes.c" />
    <ClCompile Include="$(ProjectDir)..\..\..\..\raylib\src\rtext.c" />
    <ClCompile Include="$(ProjectDir)..\..\..\..\raylib\src\rtextures.c" />
    <ClCompile Include="$(ProjectDir)..\..\..\..\raylib\src\utils.c" />
  </ItemGroup>
  <ItemGroup>
    <ClInclude Include="$(ProjectDir)..\..\..\..\raylib\src\external\cgltf.h" />
    <ClInclude Include="$(ProjectDir)..\..\..\..\raylib\src\rcamera.h" />
    <ClInclude Include="$(ProjectDir)..\..\..\..\raylib\src\config.h" />
    <ClInclude Include="$(ProjectDir)..\..\..\..\raylib\src\external\glad.h" />
    <ClInclude Include="$(ProjectDir)..\..\..\..\raylib\src\external\jar_mod.h" />
    <ClInclude Include="$(ProjectDir)..\..\..\..\raylib\src\external\jar_xm.h" />
    <ClInclude Include="$(ProjectDir)..\..\..\..\raylib\src\external\miniaudio.h" />
    <ClInclude Include="$(ProjectDir)..\..\..\..\raylib\src\external\stb_image.h" />
    <ClInclude Include="$(ProjectDir)..\..\..\..\raylib\src\external\stb_image_resize.h" />
    <ClInclude Include="$(ProjectDir)..\..\..\..\raylib\src\external\stb_image_write.h" />
    <ClInclude Include="$(ProjectDir)..\..\..\..\raylib\src\external\stb_rect_pack.h" />
    <ClInclude Include="$(ProjectDir)..\..\..\..\raylib\src\external\stb_truetype.h" />
    <ClInclude Include="$(ProjectDir)..\..\..\..\raylib\src\external\stb_vorbis.h" />
    <ClInclude Include="$(ProjectDir)..\..\..\..\raylib\src\rgestures.h" />
    <ClInclude Include="$(ProjectDir)..\..\..\..\raylib\src\raylib.h" />
    <ClInclude Include="$(ProjectDir)..\..\..\..\raylib\src\raymath.h" />
    <ClInclude Include="$(ProjectDir)..\..\..\..\raylib\src\rlgl.h" />
    <ClInclude Include="$(ProjectDir)..\..\..\..\raylib\src\utils.h" />
  </ItemGroup>
  <ItemGroup>
    <ResourceCompile Include="..\..\..\..\raylib\src\raylib.dll.rc" />
  </ItemGroup>
</Project>